
Microsoft Visual Studio Solution File, Format Version 12.00
# Visual Studio Version 16
VisualStudioVersion = 16.0.810.23
MinimumVisualStudioVersion = 10.0.40219.1
Project("{FAE04EC0-301F-11D3-BF4B-00C04F79EFBC}") = "Insurify.Population.Api", "Insurify.Population.Api\Insurify.Population.Api.csproj", "{020372E6-0F0A-4636-B040-CD157C4C6E05}"
EndProject
Project("{FAE04EC0-301F-11D3-BF4B-00C04F79EFBC}") = "Insurify.Population.Business", "Insurify.Population.Business\Insurify.Population.Business.csproj", "{8C2CADA8-224B-42EB-8B8F-44B084789CED}"
EndProject
Project("{FAE04EC0-301F-11D3-BF4B-00C04F79EFBC}") = "Insurify.Population.DataAccess", "Insurify.Population.DataAccess\Insurify.Population.DataAccess.csproj", "{C3669319-62D9-4DAD-9080-4687EA286F9E}"
EndProject
Project("{FAE04EC0-301F-11D3-BF4B-00C04F79EFBC}") = "Insurify.Population.DataAccess.Implementation", "Insurify.Population.DataAccess.Implementation\Insurify.Population.DataAccess.Implementation.csproj", "{B534985A-1CE3-4D9B-8B3F-9DB5BF378937}"
EndProject
Project("{FAE04EC0-301F-11D3-BF4B-00C04F79EFBC}") = "Insurify.Population.Business.Implementation", "Insurify.Population.Business.Implementation\Insurify.Population.Business.Implementation.csproj", "{0B5E59D7-0D41-4D08-9C4E-3C8C435BC18F}"
EndProject
Global
	GlobalSection(SolutionConfigurationPlatforms) = preSolution
		Debug|Any CPU = Debug|Any CPU
		Release|Any CPU = Release|Any CPU
	EndGlobalSection
	GlobalSection(ProjectConfigurationPlatforms) = postSolution
		{020372E6-0F0A-4636-B040-CD157C4C6E05}.Debug|Any CPU.ActiveCfg = Debug|Any CPU
		{020372E6-0F0A-4636-B040-CD157C4C6E05}.Debug|Any CPU.Build.0 = Debug|Any CPU
		{020372E6-0F0A-4636-B040-CD157C4C6E05}.Release|Any CPU.ActiveCfg = Release|Any CPU
		{020372E6-0F0A-4636-B040-CD157C4C6E05}.Release|Any CPU.Build.0 = Release|Any CPU
		{8C2CADA8-224B-42EB-8B8F-44B084789CED}.Debug|Any CPU.ActiveCfg = Debug|Any CPU
		{8C2CADA8-224B-42EB-8B8F-44B084789CED}.Debug|Any CPU.Build.0 = Debug|Any CPU
		{8C2CADA8-224B-42EB-8B8F-44B084789CED}.Release|Any CPU.ActiveCfg = Release|Any CPU
		{8C2CADA8-224B-42EB-8B8F-44B084789CED}.Release|Any CPU.Build.0 = Release|Any CPU
		{C3669319-62D9-4DAD-9080-4687EA286F9E}.Debug|Any CPU.ActiveCfg = Debug|Any CPU
		{C3669319-62D9-4DAD-9080-4687EA286F9E}.Debug|Any CPU.Build.0 = Debug|Any CPU
		{C3669319-62D9-4DAD-9080-4687EA286F9E}.Release|Any CPU.ActiveCfg = Release|Any CPU
		{C3669319-62D9-4DAD-9080-4687EA286F9E}.Release|Any CPU.Build.0 = Release|Any CPU
		{B534985A-1CE3-4D9B-8B3F-9DB5BF378937}.Debug|Any CPU.ActiveCfg = Debug|Any CPU
		{B534985A-1CE3-4D9B-8B3F-9DB5BF378937}.Debug|Any CPU.Build.0 = Debug|Any CPU
		{B534985A-1CE3-4D9B-8B3F-9DB5BF378937}.Release|Any CPU.ActiveCfg = Release|Any CPU
		{B534985A-1CE3-4D9B-8B3F-9DB5BF378937}.Release|Any CPU.Build.0 = Release|Any CPU
		{0B5E59D7-0D41-4D08-9C4E-3C8C435BC18F}.Debug|Any CPU.ActiveCfg = Debug|Any CPU
		{0B5E59D7-0D41-4D08-9C4E-3C8C435BC18F}.Debug|Any CPU.Build.0 = Debug|Any CPU
		{0B5E59D7-0D41-4D08-9C4E-3C8C435BC18F}.Release|Any CPU.ActiveCfg = Release|Any CPU
		{0B5E59D7-0D41-4D08-9C4E-3C8C435BC18F}.Release|Any CPU.Build.0 = Release|Any CPU
	EndGlobalSection
	GlobalSection(SolutionProperties) = preSolution
		HideSolutionNode = FALSE
	EndGlobalSection
	GlobalSection(ExtensibilityGlobals) = postSolution
		SolutionGuid = {477DA101-7CF8-430B-9BEA-1AF3EC077AF9}
	EndGlobalSection
EndGlobal
